
Microsoft Visual Studio Solution File, Format Version 12.00
# Visual Studio 15
VisualStudioVersion = 15.0.26430.12
MinimumVisualStudioVersion = 10.0.40219.1
Project("{8BC9CEB8-8B4A-11D0-8D11-00A0C91BC942}") = "ResourcePackager", "ResourcePackager\ResourcePackager.vcxproj", "{10DF0611-27AB-49D5-B5B8-C3D094A8444A}"
EndProject
Project("{8BC9CEB8-8B4A-11D0-8D11-00A0C91BC942}") = "ResourceTest", "ResourceTest\ResourceTest.vcxproj", "{0EC291D5-C23E-4538-8AC9-BC1CBAE3A8FA}"
EndProject
Project("{8BC9CEB8-8B4A-11D0-8D11-00A0C91BC942}") = "ResourceLoader", "ResourceLoader\ResourceLoader.vcxproj", "{747BCA5A-E95A-4495-863D-E92EAF9781D1}"
EndProject
Global
	GlobalSection(SolutionConfigurationPlatforms) = preSolution
		Debug|x64 = Debug|x64
		Debug|x86 = Debug|x86
		Release|x64 = Release|x64
		Release|x86 = Release|x86
	EndGlobalSection
	GlobalSection(ProjectConfigurationPlatforms) = postSolution
		{10DF0611-27AB-49D5-B5B8-C3D094A8444A}.Debug|x64.ActiveCfg = Debug|x64
		{10DF0611-27AB-49D5-B5B8-C3D094A8444A}.Debug|x64.Build.0 = Debug|x64
		{10DF0611-27AB-49D5-B5B8-C3D094A8444A}.Debug|x86.ActiveCfg = Debug|Win32
		{10DF0611-27AB-49D5-B5B8-C3D094A8444A}.Debug|x86.Build.0 = Debug|Win32
		{10DF0611-27AB-49D5-B5B8-C3D094A8444A}.Release|x64.ActiveCfg = Release|x64
		{10DF0611-27AB-49D5-B5B8-C3D094A8444A}.Release|x64.Build.0 = Release|x64
		{10DF0611-27AB-49D5-B5B8-C3D094A8444A}.Release|x86.ActiveCfg = Release|Win32
		{10DF0611-27AB-49D5-B5B8-C3D094A8444A}.Release|x86.Build.0 = Release|Win32
		{0EC291D5-C23E-4538-8AC9-BC1CBAE3A8FA}.Debug|x64.ActiveCfg = Debug|x64
		{0EC291D5-C23E-4538-8AC9-BC1CBAE3A8FA}.Debug|x64.Build.0 = Debug|x64
		{0EC291D5-C23E-4538-8AC9-BC1CBAE3A8FA}.Debug|x86.ActiveCfg = Debug|Win32
		{0EC291D5-C23E-4538-8AC9-BC1CBAE3A8FA}.Debug|x86.Build.0 = Debug|Win32
		{0EC291D5-C23E-4538-8AC9-BC1CBAE3A8FA}.Release|x64.ActiveCfg = Release|x64
		{0EC291D5-C23E-4538-8AC9-BC1CBAE3A8FA}.Release|x64.Build.0 = Release|x64
		{0EC291D5-C23E-4538-8AC9-BC1CBAE3A8FA}.Release|x86.ActiveCfg = Release|Win32
		{0EC291D5-C23E-4538-8AC9-BC1CBAE3A8FA}.Release|x86.Build.0 = Release|Win32
		{747BCA5A-E95A-4495-863D-E92EAF9781D1}.Debug|x64.ActiveCfg = Debug|x64
		{747BCA5A-E95A-4495-863D-E92EAF9781D1}.Debug|x64.Build.0 = Debug|x64
		{747BCA5A-E95A-4495-863D-E92EAF9781D1}.Debug|x86.ActiveCfg = Debug|Win32
		{747BCA5A-E95A-4495-863D-E92EAF9781D1}.Debug|x86.Build.0 = Debug|Win32
		{747BCA5A-E95A-4495-863D-E92EAF9781D1}.Release|x64.ActiveCfg = Release|x64
		{747BCA5A-E95A-4495-863D-E92EAF9781D1}.Release|x64.Build.0 = Release|x64
		{747BCA5A-E95A-4495-863D-E92EAF9781D1}.Release|x86.ActiveCfg = Release|Win32
		{747BCA5A-E95A-4495-863D-E92EAF9781D1}.Release|x86.Build.0 = Release|Win32
	EndGlobalSection
	GlobalSection(SolutionProperties) = preSolution
		HideSolutionNode = FALSE
	EndGlobalSection
	GlobalSection(ExtensibilityGlobals) = postSolution
		SolutionGuid = {FBD7D98E-277F-452F-AD6E-916206F26117}
	EndGlobalSection
EndGlobal
